
Microsoft Visual Studio Solution File, Format Version 12.00
# Visual Studio Version 16
VisualStudioVersion = 16.0.29123.88
MinimumVisualStudioVersion = 10.0.40219.1
Project("{9A19103F-16F7-4668-BE54-9A1E7A4F7556}") = "OdeToFood", "OdeToFood\OdeToFood.csproj", "{1D9BB9DB-D8F0-4BC2-9CD7-461A1A365405}"
EndProject
Project("{FAE04EC0-301F-11D3-BF4B-00C04F79EFBC}") = "OdeToFood.Core", "OdeToFood.Code\OdeToFood.Core.csproj", "{68967CE2-1D74-401B-9A61-E920C9DA20D9}"
EndProject
Project("{FAE04EC0-301F-11D3-BF4B-00C04F79EFBC}") = "OdeToFood.Data", "OdeToFood.Data\OdeToFood.Data.csproj", "{D17EF3CB-A648-4B01-BAB1-9E1C65933C0C}"
EndProject
Global
	GlobalSection(SolutionConfigurationPlatforms) = preSolution
		Debug|Any CPU = Debug|Any CPU
		Release|Any CPU = Release|Any CPU
	EndGlobalSection
	GlobalSection(ProjectConfigurationPlatforms) = postSolution
		{1D9BB9DB-D8F0-4BC2-9CD7-461A1A365405}.Debug|Any CPU.ActiveCfg = Debug|Any CPU
		{1D9BB9DB-D8F0-4BC2-9CD7-461A1A365405}.Debug|Any CPU.Build.0 = Debug|Any CPU
		{1D9BB9DB-D8F0-4BC2-9CD7-461A1A365405}.Release|Any CPU.ActiveCfg = Release|Any CPU
		{1D9BB9DB-D8F0-4BC2-9CD7-461A1A365405}.Release|Any CPU.Build.0 = Release|Any CPU
		{68967CE2-1D74-401B-9A61-E920C9DA20D9}.Debug|Any CPU.ActiveCfg = Debug|Any CPU
		{68967CE2-1D74-401B-9A61-E920C9DA20D9}.Debug|Any CPU.Build.0 = Debug|Any CPU
		{68967CE2-1D74-401B-9A61-E920C9DA20D9}.Release|Any CPU.ActiveCfg = Release|Any CPU
		{68967CE2-1D74-401B-9A61-E920C9DA20D9}.Release|Any CPU.Build.0 = Release|Any CPU
		{D17EF3CB-A648-4B01-BAB1-9E1C65933C0C}.Debug|Any CPU.ActiveCfg = Debug|Any CPU
		{D17EF3CB-A648-4B01-BAB1-9E1C65933C0C}.Debug|Any CPU.Build.0 = Debug|Any CPU
		{D17EF3CB-A648-4B01-BAB1-9E1C65933C0C}.Release|Any CPU.ActiveCfg = Release|Any CPU
		{D17EF3CB-A648-4B01-BAB1-9E1C65933C0C}.Release|Any CPU.Build.0 = Release|Any CPU
	EndGlobalSection
	GlobalSection(SolutionProperties) = preSolution
		HideSolutionNode = FALSE
	EndGlobalSection
	GlobalSection(ExtensibilityGlobals) = postSolution
		SolutionGuid = {F376AD1A-3496-4C29-8881-19AF51E98E4A}
	EndGlobalSection
EndGlobal
